# THIS IS AN AUTOGENERATED FILE. DO NOT EDIT THIS FILE DIRECTLY.
# yarn lockfile v1


buffer-helper@~1.0.0:
  version "1.0.1"
  resolved "https://registry.yarnpkg.com/buffer-helper/-/buffer-helper-1.0.1.tgz#f37151d83cd82d90adcaf1c05128f6358338dfbe"
  integrity sha512-S6mbXKMJrYoVyMi9GwhlUkBGqGxu6MaE5+EXx566JhTXUURokq2bHBATrncs8FKDWYtV4LUZfHuL3QpVadubDQ==

http-parser-version@^1.0.1:
  version "1.0.1"
  resolved "https://registry.yarnpkg.com/http-parser-version/-/http-parser-version-1.0.1.tgz#38e0fd6506457d6609e0e222a4e733538c8f08b1"
  integrity sha512-GuK6u7tN0VEfn1WpWrol2rqq1PK5/3tp4u02QO9/gz/4/YRXNKHW+atfDrnedCYZrc+esCRfRq4IdY1WAI8GLQ==

http-parser@^1.0.3:
  version "1.0.3"
  resolved "https://registry.yarnpkg.com/http-parser/-/http-parser-1.0.3.tgz#2b3701bfad37037d7211a1d413418feb18fa2641"
  integrity sha512-/UvTqXeT3wO1dDjDvqravrf6ulAzKAJiZvK+Vi9y5SuaUcd0HsXPI9vwm55ihhK1xvRWYmSG7XTp6X0sM9fe6g==
  dependencies:
    buffer-helper "~1.0.0"
